
Microsoft Visual Studio Solution File, Format Version 12.00
# Visual Studio Version 17
VisualStudioVersion = 17.12.35527.113 d17.12
MinimumVisualStudioVersion = 10.0.40219.1
Project("{FAE04EC0-301F-11D3-BF4B-00C04F79EFBC}") = "Joao_Pescador", "Joao_Pescador\Joao_Pescador.csproj", "{6926E727-E24F-47BF-8508-A60262BB23EA}"
EndProject
Global
	GlobalSection(SolutionConfigurationPlatforms) = preSolution
		Debug|Any CPU = Debug|Any CPU
		Release|Any CPU = Release|Any CPU
	EndGlobalSection
	GlobalSection(ProjectConfigurationPlatforms) = postSolution
		{6926E727-E24F-47BF-8508-A60262BB23EA}.Debug|Any CPU.ActiveCfg = Debug|Any CPU
		{6926E727-E24F-47BF-8508-A60262BB23EA}.Debug|Any CPU.Build.0 = Debug|Any CPU
		{6926E727-E24F-47BF-8508-A60262BB23EA}.Release|Any CPU.ActiveCfg = Release|Any CPU
		{6926E727-E24F-47BF-8508-A60262BB23EA}.Release|Any CPU.Build.0 = Release|Any CPU
	EndGlobalSection
	GlobalSection(SolutionProperties) = preSolution
		HideSolutionNode = FALSE
	EndGlobalSection
EndGlobal
