
Microsoft Visual Studio Solution File, Format Version 12.00
# Visual Studio Version 17
VisualStudioVersion = 17.12.35527.113 d17.12
MinimumVisualStudioVersion = 10.0.40219.1
Project("{FAE04EC0-301F-11D3-BF4B-00C04F79EFBC}") = "cinco_porcento_de_um_valor", "cinco_porcento_de_um_valor\cinco_porcento_de_um_valor.csproj", "{94EF7BE8-014C-4541-989E-E408115C035A}"
EndProject
Global
	GlobalSection(SolutionConfigurationPlatforms) = preSolution
		Debug|Any CPU = Debug|Any CPU
		Release|Any CPU = Release|Any CPU
	EndGlobalSection
	GlobalSection(ProjectConfigurationPlatforms) = postSolution
		{94EF7BE8-014C-4541-989E-E408115C035A}.Debug|Any CPU.ActiveCfg = Debug|Any CPU
		{94EF7BE8-014C-4541-989E-E408115C035A}.Debug|Any CPU.Build.0 = Debug|Any CPU
		{94EF7BE8-014C-4541-989E-E408115C035A}.Release|Any CPU.ActiveCfg = Release|Any CPU
		{94EF7BE8-014C-4541-989E-E408115C035A}.Release|Any CPU.Build.0 = Release|Any CPU
	EndGlobalSection
	GlobalSection(SolutionProperties) = preSolution
		HideSolutionNode = FALSE
	EndGlobalSection
EndGlobal
