
Microsoft Visual Studio Solution File, Format Version 12.00
# Visual Studio Version 17
VisualStudioVersion = 17.12.35527.113 d17.12
MinimumVisualStudioVersion = 10.0.40219.1
Project("{FAE04EC0-301F-11D3-BF4B-00C04F79EFBC}") = "Número entre 20 e 90", "Número entre 20 e 90\Número entre 20 e 90.csproj", "{59D5001F-E772-44EE-B48A-95BC9E491F5D}"
EndProject
Global
	GlobalSection(SolutionConfigurationPlatforms) = preSolution
		Debug|Any CPU = Debug|Any CPU
		Release|Any CPU = Release|Any CPU
	EndGlobalSection
	GlobalSection(ProjectConfigurationPlatforms) = postSolution
		{59D5001F-E772-44EE-B48A-95BC9E491F5D}.Debug|Any CPU.ActiveCfg = Debug|Any CPU
		{59D5001F-E772-44EE-B48A-95BC9E491F5D}.Debug|Any CPU.Build.0 = Debug|Any CPU
		{59D5001F-E772-44EE-B48A-95BC9E491F5D}.Release|Any CPU.ActiveCfg = Release|Any CPU
		{59D5001F-E772-44EE-B48A-95BC9E491F5D}.Release|Any CPU.Build.0 = Release|Any CPU
	EndGlobalSection
	GlobalSection(SolutionProperties) = preSolution
		HideSolutionNode = FALSE
	EndGlobalSection
EndGlobal
