
Microsoft Visual Studio Solution File, Format Version 12.00
# Visual Studio Version 17
VisualStudioVersion = 17.12.35527.113 d17.12
MinimumVisualStudioVersion = 10.0.40219.1
Project("{FAE04EC0-301F-11D3-BF4B-00C04F79EFBC}") = "Numeros_iguais", "Numeros_iguais\Numeros_iguais.csproj", "{B5527737-B606-4E44-BB26-3317D0392215}"
EndProject
Global
	GlobalSection(SolutionConfigurationPlatforms) = preSolution
		Debug|Any CPU = Debug|Any CPU
		Release|Any CPU = Release|Any CPU
	EndGlobalSection
	GlobalSection(ProjectConfigurationPlatforms) = postSolution
		{B5527737-B606-4E44-BB26-3317D0392215}.Debug|Any CPU.ActiveCfg = Debug|Any CPU
		{B5527737-B606-4E44-BB26-3317D0392215}.Debug|Any CPU.Build.0 = Debug|Any CPU
		{B5527737-B606-4E44-BB26-3317D0392215}.Release|Any CPU.ActiveCfg = Release|Any CPU
		{B5527737-B606-4E44-BB26-3317D0392215}.Release|Any CPU.Build.0 = Release|Any CPU
	EndGlobalSection
	GlobalSection(SolutionProperties) = preSolution
		HideSolutionNode = FALSE
	EndGlobalSection
EndGlobal
